
Microsoft Visual Studio Solution File, Format Version 12.00
# Visual Studio 14
VisualStudioVersion = 14.0.25123.0
MinimumVisualStudioVersion = 10.0.40219.1
Project("{FAE04EC0-301F-11D3-BF4B-00C04F79EFBC}") = "TPLBasic", "TPLBasic\TPLBasic.csproj", "{DAFF6D44-A119-47A9-94F0-791945A12D61}"
EndProject
Project("{2150E333-8FDC-42A3-9474-1A3956D46DE8}") = "Synchronize", "Synchronize", "{23EF830E-158F-4DEC-85EC-CA8D9672404F}"
EndProject
Project("{FAE04EC0-301F-11D3-BF4B-00C04F79EFBC}") = "BarrierDemo", "BarrierDemo\BarrierDemo.csproj", "{16A352BD-EA2A-43F7-9FF0-DE2ACB9AC7D8}"
EndProject
Project("{FAE04EC0-301F-11D3-BF4B-00C04F79EFBC}") = "Common", "Common\Common.csproj", "{D9F38C7B-3DA7-4552-8572-F5742B2ACE8E}"
EndProject
Project("{FAE04EC0-301F-11D3-BF4B-00C04F79EFBC}") = "CountDownDemo", "CountDownDemo\CountDownDemo.csproj", "{081E2ACF-4425-4219-A051-5FD018FF40E8}"
EndProject
Project("{FAE04EC0-301F-11D3-BF4B-00C04F79EFBC}") = "ManualResetEventSlimDemo", "ManualResetEventSlimDemo\ManualResetEventSlimDemo.csproj", "{28810960-38BE-4A25-BF1E-4E44C84E5AFE}"
EndProject
Project("{FAE04EC0-301F-11D3-BF4B-00C04F79EFBC}") = "SpinLockDemo", "SpinLockDemo\SpinLockDemo.csproj", "{A5C9FDC1-524D-4EA9-BBB6-EBFCFE898DFB}"
EndProject
Project("{2150E333-8FDC-42A3-9474-1A3956D46DE8}") = "Parallel", "Parallel", "{6727FF9B-9F31-413B-B44E-8D7665C7F56D}"
EndProject
Project("{FAE04EC0-301F-11D3-BF4B-00C04F79EFBC}") = "ForDemo", "ForDemo\ForDemo.csproj", "{E6026449-AB7F-421D-AF71-ADB11D91CC27}"
EndProject
Project("{FAE04EC0-301F-11D3-BF4B-00C04F79EFBC}") = "InvokeDemo", "InvokeDemo\InvokeDemo.csproj", "{85F2C1A9-6127-444B-ACF5-AF017EA62CE0}"
EndProject
Project("{FAE04EC0-301F-11D3-BF4B-00C04F79EFBC}") = "ForEachDemo", "ForEachDemo\ForEachDemo.csproj", "{7578E779-4638-457B-A2A7-6C6016AC613F}"
EndProject
Project("{2150E333-8FDC-42A3-9474-1A3956D46DE8}") = "PLINQ", "PLINQ", "{129EE6C5-FEED-4F40-8AD0-BC4286A2EFC4}"
EndProject
Project("{FAE04EC0-301F-11D3-BF4B-00C04F79EFBC}") = "PLINQDemo", "PLINQDemo\PLINQDemo.csproj", "{29541156-EEB5-4491-A2F2-2D36C837A1DD}"
EndProject
Project("{FAE04EC0-301F-11D3-BF4B-00C04F79EFBC}") = "LinqDemo", "LinqDemo\LinqDemo.csproj", "{2F3E331D-F524-438B-A44F-336D17200272}"
EndProject
Project("{2150E333-8FDC-42A3-9474-1A3956D46DE8}") = "TaskBasic", "TaskBasic", "{868A11B6-A91C-4B8D-BFDB-15D5D2D42EF8}"
EndProject
Project("{FAE04EC0-301F-11D3-BF4B-00C04F79EFBC}") = "BasicDemo", "BasicDemo\BasicDemo.csproj", "{54D83F3F-D543-4D34-9F57-BA7FB56C6580}"
EndProject
Project("{FAE04EC0-301F-11D3-BF4B-00C04F79EFBC}") = "ExceptionHandleDemo", "TaskPropertiesDemo\ExceptionHandleDemo.csproj", "{B79267E1-E878-41FB-920D-577A026C435C}"
EndProject
Project("{FAE04EC0-301F-11D3-BF4B-00C04F79EFBC}") = "TaskCancelDemo", "TaskCancelDemo\TaskCancelDemo.csproj", "{8474BBE5-1D7A-4767-B55B-C8688D16DF7C}"
EndProject
Project("{FAE04EC0-301F-11D3-BF4B-00C04F79EFBC}") = "WaitDemo", "WaitDemo\WaitDemo.csproj", "{33ECDBD0-7256-4D54-8ACC-43769BFA9110}"
EndProject
Project("{FAE04EC0-301F-11D3-BF4B-00C04F79EFBC}") = "MapReduceDemo", "MapReduceDemo\MapReduceDemo.csproj", "{378B5E76-056D-49B3-BB2D-97A83DE1847D}"
EndProject
Project("{FAE04EC0-301F-11D3-BF4B-00C04F79EFBC}") = "LookupDemo", "LookupDemo\LookupDemo.csproj", "{86CF082C-E6A8-4AAC-AC1D-F4209CE4D206}"
EndProject
Global
	GlobalSection(SolutionConfigurationPlatforms) = preSolution
		Debug|Any CPU = Debug|Any CPU
		Release|Any CPU = Release|Any CPU
	EndGlobalSection
	GlobalSection(ProjectConfigurationPlatforms) = postSolution
		{DAFF6D44-A119-47A9-94F0-791945A12D61}.Debug|Any CPU.ActiveCfg = Debug|Any CPU
		{DAFF6D44-A119-47A9-94F0-791945A12D61}.Debug|Any CPU.Build.0 = Debug|Any CPU
		{DAFF6D44-A119-47A9-94F0-791945A12D61}.Release|Any CPU.ActiveCfg = Release|Any CPU
		{DAFF6D44-A119-47A9-94F0-791945A12D61}.Release|Any CPU.Build.0 = Release|Any CPU
		{16A352BD-EA2A-43F7-9FF0-DE2ACB9AC7D8}.Debug|Any CPU.ActiveCfg = Debug|Any CPU
		{16A352BD-EA2A-43F7-9FF0-DE2ACB9AC7D8}.Debug|Any CPU.Build.0 = Debug|Any CPU
		{16A352BD-EA2A-43F7-9FF0-DE2ACB9AC7D8}.Release|Any CPU.ActiveCfg = Release|Any CPU
		{16A352BD-EA2A-43F7-9FF0-DE2ACB9AC7D8}.Release|Any CPU.Build.0 = Release|Any CPU
		{D9F38C7B-3DA7-4552-8572-F5742B2ACE8E}.Debug|Any CPU.ActiveCfg = Debug|Any CPU
		{D9F38C7B-3DA7-4552-8572-F5742B2ACE8E}.Debug|Any CPU.Build.0 = Debug|Any CPU
		{D9F38C7B-3DA7-4552-8572-F5742B2ACE8E}.Release|Any CPU.ActiveCfg = Release|Any CPU
		{D9F38C7B-3DA7-4552-8572-F5742B2ACE8E}.Release|Any CPU.Build.0 = Release|Any CPU
		{081E2ACF-4425-4219-A051-5FD018FF40E8}.Debug|Any CPU.ActiveCfg = Debug|Any CPU
		{081E2ACF-4425-4219-A051-5FD018FF40E8}.Debug|Any CPU.Build.0 = Debug|Any CPU
		{081E2ACF-4425-4219-A051-5FD018FF40E8}.Release|Any CPU.ActiveCfg = Release|Any CPU
		{081E2ACF-4425-4219-A051-5FD018FF40E8}.Release|Any CPU.Build.0 = Release|Any CPU
		{28810960-38BE-4A25-BF1E-4E44C84E5AFE}.Debug|Any CPU.ActiveCfg = Debug|Any CPU
		{28810960-38BE-4A25-BF1E-4E44C84E5AFE}.Debug|Any CPU.Build.0 = Debug|Any CPU
		{28810960-38BE-4A25-BF1E-4E44C84E5AFE}.Release|Any CPU.ActiveCfg = Release|Any CPU
		{28810960-38BE-4A25-BF1E-4E44C84E5AFE}.Release|Any CPU.Build.0 = Release|Any CPU
		{A5C9FDC1-524D-4EA9-BBB6-EBFCFE898DFB}.Debug|Any CPU.ActiveCfg = Debug|Any CPU
		{A5C9FDC1-524D-4EA9-BBB6-EBFCFE898DFB}.Debug|Any CPU.Build.0 = Debug|Any CPU
		{A5C9FDC1-524D-4EA9-BBB6-EBFCFE898DFB}.Release|Any CPU.ActiveCfg = Release|Any CPU
		{A5C9FDC1-524D-4EA9-BBB6-EBFCFE898DFB}.Release|Any CPU.Build.0 = Release|Any CPU
		{E6026449-AB7F-421D-AF71-ADB11D91CC27}.Debug|Any CPU.ActiveCfg = Debug|Any CPU
		{E6026449-AB7F-421D-AF71-ADB11D91CC27}.Debug|Any CPU.Build.0 = Debug|Any CPU
		{E6026449-AB7F-421D-AF71-ADB11D91CC27}.Release|Any CPU.ActiveCfg = Release|Any CPU
		{E6026449-AB7F-421D-AF71-ADB11D91CC27}.Release|Any CPU.Build.0 = Release|Any CPU
		{85F2C1A9-6127-444B-ACF5-AF017EA62CE0}.Debug|Any CPU.ActiveCfg = Debug|Any CPU
		{85F2C1A9-6127-444B-ACF5-AF017EA62CE0}.Debug|Any CPU.Build.0 = Debug|Any CPU
		{85F2C1A9-6127-444B-ACF5-AF017EA62CE0}.Release|Any CPU.ActiveCfg = Release|Any CPU
		{85F2C1A9-6127-444B-ACF5-AF017EA62CE0}.Release|Any CPU.Build.0 = Release|Any CPU
		{7578E779-4638-457B-A2A7-6C6016AC613F}.Debug|Any CPU.ActiveCfg = Debug|Any CPU
		{7578E779-4638-457B-A2A7-6C6016AC613F}.Debug|Any CPU.Build.0 = Debug|Any CPU
		{7578E779-4638-457B-A2A7-6C6016AC613F}.Release|Any CPU.ActiveCfg = Release|Any CPU
		{7578E779-4638-457B-A2A7-6C6016AC613F}.Release|Any CPU.Build.0 = Release|Any CPU
		{29541156-EEB5-4491-A2F2-2D36C837A1DD}.Debug|Any CPU.ActiveCfg = Debug|Any CPU
		{29541156-EEB5-4491-A2F2-2D36C837A1DD}.Debug|Any CPU.Build.0 = Debug|Any CPU
		{29541156-EEB5-4491-A2F2-2D36C837A1DD}.Release|Any CPU.ActiveCfg = Release|Any CPU
		{29541156-EEB5-4491-A2F2-2D36C837A1DD}.Release|Any CPU.Build.0 = Release|Any CPU
		{2F3E331D-F524-438B-A44F-336D17200272}.Debug|Any CPU.ActiveCfg = Debug|Any CPU
		{2F3E331D-F524-438B-A44F-336D17200272}.Debug|Any CPU.Build.0 = Debug|Any CPU
		{2F3E331D-F524-438B-A44F-336D17200272}.Release|Any CPU.ActiveCfg = Release|Any CPU
		{2F3E331D-F524-438B-A44F-336D17200272}.Release|Any CPU.Build.0 = Release|Any CPU
		{54D83F3F-D543-4D34-9F57-BA7FB56C6580}.Debug|Any CPU.ActiveCfg = Debug|Any CPU
		{54D83F3F-D543-4D34-9F57-BA7FB56C6580}.Debug|Any CPU.Build.0 = Debug|Any CPU
		{54D83F3F-D543-4D34-9F57-BA7FB56C6580}.Release|Any CPU.ActiveCfg = Release|Any CPU
		{54D83F3F-D543-4D34-9F57-BA7FB56C6580}.Release|Any CPU.Build.0 = Release|Any CPU
		{B79267E1-E878-41FB-920D-577A026C435C}.Debug|Any CPU.ActiveCfg = Debug|Any CPU
		{B79267E1-E878-41FB-920D-577A026C435C}.Debug|Any CPU.Build.0 = Debug|Any CPU
		{B79267E1-E878-41FB-920D-577A026C435C}.Release|Any CPU.ActiveCfg = Release|Any CPU
		{B79267E1-E878-41FB-920D-577A026C435C}.Release|Any CPU.Build.0 = Release|Any CPU
		{8474BBE5-1D7A-4767-B55B-C8688D16DF7C}.Debug|Any CPU.ActiveCfg = Debug|Any CPU
		{8474BBE5-1D7A-4767-B55B-C8688D16DF7C}.Debug|Any CPU.Build.0 = Debug|Any CPU
		{8474BBE5-1D7A-4767-B55B-C8688D16DF7C}.Release|Any CPU.ActiveCfg = Release|Any CPU
		{8474BBE5-1D7A-4767-B55B-C8688D16DF7C}.Release|Any CPU.Build.0 = Release|Any CPU
		{33ECDBD0-7256-4D54-8ACC-43769BFA9110}.Debug|Any CPU.ActiveCfg = Debug|Any CPU
		{33ECDBD0-7256-4D54-8ACC-43769BFA9110}.Debug|Any CPU.Build.0 = Debug|Any CPU
		{33ECDBD0-7256-4D54-8ACC-43769BFA9110}.Release|Any CPU.ActiveCfg = Release|Any CPU
		{33ECDBD0-7256-4D54-8ACC-43769BFA9110}.Release|Any CPU.Build.0 = Release|Any CPU
		{378B5E76-056D-49B3-BB2D-97A83DE1847D}.Debug|Any CPU.ActiveCfg = Debug|Any CPU
		{378B5E76-056D-49B3-BB2D-97A83DE1847D}.Debug|Any CPU.Build.0 = Debug|Any CPU
		{378B5E76-056D-49B3-BB2D-97A83DE1847D}.Release|Any CPU.ActiveCfg = Release|Any CPU
		{378B5E76-056D-49B3-BB2D-97A83DE1847D}.Release|Any CPU.Build.0 = Release|Any CPU
		{86CF082C-E6A8-4AAC-AC1D-F4209CE4D206}.Debug|Any CPU.ActiveCfg = Debug|Any CPU
		{86CF082C-E6A8-4AAC-AC1D-F4209CE4D206}.Debug|Any CPU.Build.0 = Debug|Any CPU
		{86CF082C-E6A8-4AAC-AC1D-F4209CE4D206}.Release|Any CPU.ActiveCfg = Release|Any CPU
		{86CF082C-E6A8-4AAC-AC1D-F4209CE4D206}.Release|Any CPU.Build.0 = Release|Any CPU
	EndGlobalSection
	GlobalSection(SolutionProperties) = preSolution
		HideSolutionNode = FALSE
	EndGlobalSection
	GlobalSection(NestedProjects) = preSolution
		{16A352BD-EA2A-43F7-9FF0-DE2ACB9AC7D8} = {23EF830E-158F-4DEC-85EC-CA8D9672404F}
		{D9F38C7B-3DA7-4552-8572-F5742B2ACE8E} = {23EF830E-158F-4DEC-85EC-CA8D9672404F}
		{081E2ACF-4425-4219-A051-5FD018FF40E8} = {23EF830E-158F-4DEC-85EC-CA8D9672404F}
		{28810960-38BE-4A25-BF1E-4E44C84E5AFE} = {23EF830E-158F-4DEC-85EC-CA8D9672404F}
		{A5C9FDC1-524D-4EA9-BBB6-EBFCFE898DFB} = {23EF830E-158F-4DEC-85EC-CA8D9672404F}
		{E6026449-AB7F-421D-AF71-ADB11D91CC27} = {6727FF9B-9F31-413B-B44E-8D7665C7F56D}
		{85F2C1A9-6127-444B-ACF5-AF017EA62CE0} = {6727FF9B-9F31-413B-B44E-8D7665C7F56D}
		{7578E779-4638-457B-A2A7-6C6016AC613F} = {6727FF9B-9F31-413B-B44E-8D7665C7F56D}
		{29541156-EEB5-4491-A2F2-2D36C837A1DD} = {129EE6C5-FEED-4F40-8AD0-BC4286A2EFC4}
		{2F3E331D-F524-438B-A44F-336D17200272} = {129EE6C5-FEED-4F40-8AD0-BC4286A2EFC4}
		{54D83F3F-D543-4D34-9F57-BA7FB56C6580} = {868A11B6-A91C-4B8D-BFDB-15D5D2D42EF8}
		{B79267E1-E878-41FB-920D-577A026C435C} = {868A11B6-A91C-4B8D-BFDB-15D5D2D42EF8}
		{8474BBE5-1D7A-4767-B55B-C8688D16DF7C} = {868A11B6-A91C-4B8D-BFDB-15D5D2D42EF8}
		{33ECDBD0-7256-4D54-8ACC-43769BFA9110} = {868A11B6-A91C-4B8D-BFDB-15D5D2D42EF8}
	EndGlobalSection
EndGlobal
